{
  "version": 4,
  "terraform_version": "1.14.1",
  "serial": 7,
  "lineage": "e8bb9334-a8c8-74eb-23c7-eb0c1ee9d109",
  "outputs": {
    "application_url": {
      "value": "http://129.154.245.212:3000",
      "type": "string"
    },
    "compute_instance_id": {
      "value": "ocid1.instance.oc1.ap-mumbai-1.anrg6ljrhqssvraczxdafm6ejaq3kzzzwjj2ree2rexqf6itwlcsornuevra",
      "type": "string"
    },
    "compute_instance_private_ip": {
      "value": "10.0.1.30",
      "type": "string"
    },
    "compute_instance_public_ip": {
      "value": "129.154.245.212",
      "type": "string"
    },
    "internet_gateway_id": {
      "value": "ocid1.internetgateway.oc1.ap-mumbai-1.aaaaaaaaxxmfof7dw7v4s6lujrxzfxnhecpnbkxdsbwkcjjonmwdehj5ez3q",
      "type": "string"
    },
    "public_subnet_id": {
      "value": "ocid1.subnet.oc1.ap-mumbai-1.aaaaaaaam2mjjdynidmdlaviestxl223sp6kjqizf2l75us2m3bpefqcofmq",
      "type": "string"
    },
    "ssh_command": {
      "value": "ssh -i ~/.ssh/your_key opc@129.154.245.212",
      "type": "string"
    },
    "vcn_cidr": {
      "value": "10.0.0.0/16",
      "type": "string"
    },
    "vcn_id": {
      "value": "ocid1.vcn.oc1.ap-mumbai-1.amaaaaaahqssvraabyydm3i2qyzkuj27cgmf5tdeaokl7dbfviawfltzutta",
      "type": "string"
    }
  },
  "resources": [
    {
      "mode": "data",
      "type": "oci_identity_availability_domains",
      "name": "ads",
      "provider": "provider[\"registry.terraform.io/oracle/oci\"]",
      "instances": [
        {
          "schema_version": 0,
          "attributes": {
            "availability_domains": [
              {
                "compartment_id": "ocid1.compartment.oc1..aaaaaaaavzlulwgc4twmrqqfsb5jack4i6cgq3t6yzc2rwhslppf53rrbb5q",
                "id": "ocid1.availabilitydomain.oc1..aaaaaaaaqnfxrjivkxya4njkefe2dgbfwua6mxpvzhqal6zzekgsvjchoyjq",
                "name": "nFYY:AP-MUMBAI-1-AD-1"
              }
            ],
            "compartment_id": "ocid1.compartment.oc1..aaaaaaaavzlulwgc4twmrqqfsb5jack4i6cgq3t6yzc2rwhslppf53rrbb5q",
            "filter": null,
            "id": "IdentityAvailabilityDomainsDataSource-3452168711"
          },
          "sensitive_attributes": [],
          "identity_schema_version": 0
        }
      ]
    },
    {
      "mode": "managed",
      "type": "oci_core_instance",
      "name": "bharatmart_all_in_one",
      "provider": "provider[\"registry.terraform.io/oracle/oci\"]",
      "instances": [
        {
          "schema_version": 0,
          "attributes": {
            "agent_config": [
              {
                "are_all_plugins_disabled": false,
                "is_management_disabled": false,
                "is_monitoring_disabled": false,
                "plugins_config": []
              }
            ],
            "async": null,
            "availability_config": [
              {
                "is_live_migration_preferred": false,
                "recovery_action": "RESTORE_INSTANCE"
              }
            ],
            "availability_domain": "nFYY:AP-MUMBAI-1-AD-1",
            "boot_volume_id": "ocid1.bootvolume.oc1.ap-mumbai-1.abrg6ljrttywoc27bdynnm75g3igjsxscozbarg22hnobyzyx5aertblc6bq",
            "capacity_reservation_id": null,
            "cluster_placement_group_id": null,
            "compartment_id": "ocid1.compartment.oc1..aaaaaaaavzlulwgc4twmrqqfsb5jack4i6cgq3t6yzc2rwhslppf53rrbb5q",
            "compute_cluster_id": null,
            "create_vnic_details": [
              {
                "assign_ipv6ip": false,
                "assign_private_dns_record": false,
                "assign_public_ip": "true",
                "defined_tags": {
                  "Oracle-Tags.CreatedBy": "default/u02",
                  "Oracle-Tags.CreatedOn": "2025-12-08T11:07:17.405Z"
                },
                "display_name": "bharatmart-dev-all-in-one",
                "freeform_tags": {
                  "Environment": "dev",
                  "ManagedBy": "Terraform",
                  "Name": "bharatmart-dev",
                  "Project": "BharatMart",
                  "Role": "all-in-one",
                  "Team": "SRE",
                  "Type": "bharatmart-all-in-one"
                },
                "hostname_label": "bharatmart",
                "ipv6address_ipv6subnet_cidr_pair_details": [],
                "nsg_ids": [],
                "private_ip": "10.0.1.30",
                "skip_source_dest_check": false,
                "subnet_id": "ocid1.subnet.oc1.ap-mumbai-1.aaaaaaaam2mjjdynidmdlaviestxl223sp6kjqizf2l75us2m3bpefqcofmq",
                "vlan_id": ""
              }
            ],
            "dedicated_vm_host_id": null,
            "defined_tags": {
              "Oracle-Tags.CreatedBy": "default/u02",
              "Oracle-Tags.CreatedOn": "2025-12-08T11:07:17.289Z"
            },
            "display_name": "bharatmart-dev-all-in-one",
            "extended_metadata": {},
            "fault_domain": "FAULT-DOMAIN-2",
            "freeform_tags": {
              "Environment": "dev",
              "ManagedBy": "Terraform",
              "Name": "bharatmart-dev",
              "Project": "BharatMart",
              "Role": "all-in-one",
              "Team": "SRE",
              "Type": "bharatmart-all-in-one"
            },
            "hostname_label": "bharatmart",
            "id": "ocid1.instance.oc1.ap-mumbai-1.anrg6ljrhqssvraczxdafm6ejaq3kzzzwjj2ree2rexqf6itwlcsornuevra",
            "image": "ocid1.image.oc1.ap-mumbai-1.aaaaaaaauolbgcffeswcqoyxezsv6d56gx5veqwutnlzplqqhqpdrtiv4k2a",
            "instance_configuration_id": null,
            "instance_options": [
              {
                "are_legacy_imds_endpoints_disabled": false
              }
            ],
            "ipxe_script": null,
            "is_cross_numa_node": false,
            "is_pv_encryption_in_transit_enabled": null,
            "launch_mode": "PARAVIRTUALIZED",
            "launch_options": [
              {
                "boot_volume_type": "PARAVIRTUALIZED",
                "firmware": "UEFI_64",
                "is_consistent_volume_naming_enabled": true,
                "is_pv_encryption_in_transit_enabled": false,
                "network_type": "PARAVIRTUALIZED",
                "remote_data_volume_type": "PARAVIRTUALIZED"
              }
            ],
            "launch_volume_attachments": null,
            "metadata": {
              "ssh_authorized_keys": "ssh-rsa AAAAB3NzaC1yc2EAAAADAQABAAACAQCNmMux37+UVj5ENWd4t0C8sFf1ih29wpI6VxIwOPb+Izb5+PFYReeNMMzVap4jkMqqmS7JXN7Cqi3aH1rAn0jblDxn2qXQ0BVGdvjTRRAWAIPpV5ryqm8saUDhkY6gZsPFsgYDLlG0XMEaSjtxVjanZJyI/jdYSVhmpZajMMpd8obEM/Kyq8QJ8Qa8g9WW+mKLOt4lefVVp0ySHSrhGaDODCd0JB3I26V0oblfdNePnACQiOGm6gsKuBpqjsC5wbACOKwvAjay2Q5igCx9MuppVzrYVqnT5iRYFrWS0NsbtMh78AOIhwUWsvNSxwR5+7ZRLiwu4KNRL26cyxeV0JIKrxO0bJvLnBVzH0glpcGGVcK3/3CFx3Ce6YBUOUi4AS4AJ7v2kaE6eiYruQS0BhbXD8NdgIpSurhBQ2dsQ0aizAw5IJv8ipkBq7S9Z2h3oRYMvKMroy7uRe7k2T8hx0EKwjminwXIsF5rSzCMioQB/vfFGkcxGR7np/8P/FX5zynz5EVWYCbEUllvCBbWc+AM7/poEZDxNClOySl5d+NSmTOQ9EY4zm8Zin4qscut+/AzICr7OrTVI3TAHo2+DFVf0DpFsotm/AWNpmXro1xaLUFKUYIGUO2IWmF74YE4rDnjBanYBTeWxnc+W+36JtKLFSYbwMq5n5t1ijLI96SMPQ== u02@ubuntu2",
              "user_data": "IyEvYmluL2Jhc2gKIyBVcGRhdGUgc3lzdGVtCnl1bSB1cGRhdGUgLXkKCiMgSW5zdGFsbCBOb2RlLmpzIDIwIGFuZCBHaXQKY3VybCAtZnNTTCBodHRwczovL3JwbS5ub2Rlc291cmNlLmNvbS9zZXR1cF8yMC54IHwgYmFzaCAtCnl1bSBpbnN0YWxsIC15IG5vZGVqcyBnaXQKCiMgQ2xvbmUgQmhhcmF0TWFydCByZXBvCmNkIC9ob21lL29wYwpnaXQgY2xvbmUgaHR0cHM6Ly9naXRodWIuY29tL2F0aW5ndXB0YTIwMDYvb2NpLW11bHRpLXRpZXItd2ViLWFwcC1lY29tbWVyY2UuZ2l0CmNkIG9jaS1tdWx0aS10aWVyLXdlYi1hcHAtZWNvbW1lcmNlCgojIEluc3RhbGwgZGVwZW5kZW5jaWVzCm5wbSBpbnN0YWxsCgojIE9QVElPTkFMOiBidWlsZCBwcm9kdWN0aW9uIGZyb250ZW5kICh5b3Ugd2lsbCBtYW51YWxseSBjb25maWd1cmUgZW52IGxhdGVyKQojIG5wbSBydW4gYnVpbGQKCg=="
            },
            "platform_config": [],
            "preemptible_instance_config": [],
            "preserve_boot_volume": null,
            "preserve_data_volumes_created_at_launch": null,
            "private_ip": "10.0.1.30",
            "public_ip": "129.154.245.212",
            "region": "ap-mumbai-1",
            "shape": "VM.Standard.A1.Flex",
            "shape_config": [
              {
                "baseline_ocpu_utilization": "",
                "gpu_description": "",
                "gpus": 0,
                "local_disk_description": "",
                "local_disks": 0,
                "local_disks_total_size_in_gbs": 0,
                "max_vnic_attachments": 2,
                "memory_in_gbs": 12,
                "networking_bandwidth_in_gbps": 2,
                "nvmes": 0,
                "ocpus": 2,
                "processor_description": "3.0 GHz Ampere® Altra™",
                "vcpus": 2
              }
            ],
            "source_details": [
              {
                "boot_volume_size_in_gbs": "47",
                "boot_volume_vpus_per_gb": "10",
                "instance_source_image_filter_details": [],
                "is_preserve_boot_volume_enabled": false,
                "kms_key_id": "",
                "source_id": "ocid1.image.oc1.ap-mumbai-1.aaaaaaaauolbgcffeswcqoyxezsv6d56gx5veqwutnlzplqqhqpdrtiv4k2a",
                "source_type": "image"
              }
            ],
            "state": "RUNNING",
            "subnet_id": "ocid1.subnet.oc1.ap-mumbai-1.aaaaaaaam2mjjdynidmdlaviestxl223sp6kjqizf2l75us2m3bpefqcofmq",
            "system_tags": {},
            "time_created": "2025-12-08 11:07:17.881 +0000 UTC",
            "time_maintenance_reboot_due": "",
            "timeouts": null,
            "update_operation_constraint": null
          },
          "sensitive_attributes": [],
          "identity_schema_version": 0,
          "private": "eyJlMmJmYjczMC1lY2FhLTExZTYtOGY4OC0zNDM2M2JjN2M0YzAiOnsiY3JlYXRlIjoyNzAwMDAwMDAwMDAwLCJkZWxldGUiOjQ1MDAwMDAwMDAwMDAsInVwZGF0ZSI6MjcwMDAwMDAwMDAwMH19",
          "dependencies": [
            "data.oci_identity_availability_domains.ads",
            "oci_core_internet_gateway.bharatmart_igw",
            "oci_core_route_table.public_route_table",
            "oci_core_security_list.public_security_list",
            "oci_core_subnet.public_subnet",
            "oci_core_vcn.bharatmart_vcn"
          ]
        }
      ]
    },
    {
      "mode": "managed",
      "type": "oci_core_internet_gateway",
      "name": "bharatmart_igw",
      "provider": "provider[\"registry.terraform.io/oracle/oci\"]",
      "instances": [
        {
          "schema_version": 0,
          "attributes": {
            "compartment_id": "ocid1.compartment.oc1..aaaaaaaavzlulwgc4twmrqqfsb5jack4i6cgq3t6yzc2rwhslppf53rrbb5q",
            "defined_tags": {
              "Oracle-Tags.CreatedBy": "default/u02",
              "Oracle-Tags.CreatedOn": "2025-12-08T11:07:12.203Z"
            },
            "display_name": "bharatmart-dev-igw",
            "enabled": true,
            "freeform_tags": {
              "Environment": "dev",
              "ManagedBy": "Terraform",
              "Name": "bharatmart-dev",
              "Project": "BharatMart",
              "Team": "SRE"
            },
            "id": "ocid1.internetgateway.oc1.ap-mumbai-1.aaaaaaaaxxmfof7dw7v4s6lujrxzfxnhecpnbkxdsbwkcjjonmwdehj5ez3q",
            "route_table_id": null,
            "state": "AVAILABLE",
            "time_created": "2025-12-08 11:07:12.273 +0000 UTC",
            "timeouts": null,
            "vcn_id": "ocid1.vcn.oc1.ap-mumbai-1.amaaaaaahqssvraabyydm3i2qyzkuj27cgmf5tdeaokl7dbfviawfltzutta"
          },
          "sensitive_attributes": [],
          "identity_schema_version": 0,
          "private": "eyJlMmJmYjczMC1lY2FhLTExZTYtOGY4OC0zNDM2M2JjN2M0YzAiOnsiY3JlYXRlIjoxMjAwMDAwMDAwMDAwLCJkZWxldGUiOjEyMDAwMDAwMDAwMDAsInVwZGF0ZSI6MTIwMDAwMDAwMDAwMH19",
          "dependencies": [
            "oci_core_vcn.bharatmart_vcn"
          ]
        }
      ]
    },
    {
      "mode": "managed",
      "type": "oci_core_route_table",
      "name": "public_route_table",
      "provider": "provider[\"registry.terraform.io/oracle/oci\"]",
      "instances": [
        {
          "schema_version": 0,
          "attributes": {
            "compartment_id": "ocid1.compartment.oc1..aaaaaaaavzlulwgc4twmrqqfsb5jack4i6cgq3t6yzc2rwhslppf53rrbb5q",
            "defined_tags": {
              "Oracle-Tags.CreatedBy": "default/u02",
              "Oracle-Tags.CreatedOn": "2025-12-08T11:07:12.766Z"
            },
            "display_name": "bharatmart-dev-public-rt",
            "freeform_tags": {
              "Environment": "dev",
              "ManagedBy": "Terraform",
              "Name": "bharatmart-dev",
              "Project": "BharatMart",
              "Team": "SRE"
            },
            "id": "ocid1.routetable.oc1.ap-mumbai-1.aaaaaaaajf6eraj7ax6r3uybmtrgkllksvedyldpbqwl3dyg53gs6bbh5rea",
            "route_rules": [
              {
                "cidr_block": "",
                "description": "",
                "destination": "0.0.0.0/0",
                "destination_type": "CIDR_BLOCK",
                "network_entity_id": "ocid1.internetgateway.oc1.ap-mumbai-1.aaaaaaaaxxmfof7dw7v4s6lujrxzfxnhecpnbkxdsbwkcjjonmwdehj5ez3q",
                "route_type": ""
              }
            ],
            "state": "AVAILABLE",
            "time_created": "2025-12-08 11:07:12.794 +0000 UTC",
            "timeouts": null,
            "vcn_id": "ocid1.vcn.oc1.ap-mumbai-1.amaaaaaahqssvraabyydm3i2qyzkuj27cgmf5tdeaokl7dbfviawfltzutta"
          },
          "sensitive_attributes": [],
          "identity_schema_version": 0,
          "private": "eyJlMmJmYjczMC1lY2FhLTExZTYtOGY4OC0zNDM2M2JjN2M0YzAiOnsiY3JlYXRlIjoxMjAwMDAwMDAwMDAwLCJkZWxldGUiOjEyMDAwMDAwMDAwMDAsInVwZGF0ZSI6MTIwMDAwMDAwMDAwMH19",
          "dependencies": [
            "oci_core_internet_gateway.bharatmart_igw",
            "oci_core_vcn.bharatmart_vcn"
          ]
        }
      ]
    },
    {
      "mode": "managed",
      "type": "oci_core_security_list",
      "name": "public_security_list",
      "provider": "provider[\"registry.terraform.io/oracle/oci\"]",
      "instances": [
        {
          "schema_version": 0,
          "attributes": {
            "compartment_id": "ocid1.compartment.oc1..aaaaaaaavzlulwgc4twmrqqfsb5jack4i6cgq3t6yzc2rwhslppf53rrbb5q",
            "defined_tags": {
              "Oracle-Tags.CreatedBy": "default/u02",
              "Oracle-Tags.CreatedOn": "2025-12-08T11:07:12.280Z"
            },
            "display_name": "bharatmart-dev-public-sl",
            "egress_security_rules": [
              {
                "description": "",
                "destination": "0.0.0.0/0",
                "destination_type": "CIDR_BLOCK",
                "icmp_options": [],
                "protocol": "all",
                "stateless": false,
                "tcp_options": [],
                "udp_options": []
              }
            ],
            "freeform_tags": {
              "Environment": "dev",
              "ManagedBy": "Terraform",
              "Name": "bharatmart-dev",
              "Project": "BharatMart",
              "Team": "SRE"
            },
            "id": "ocid1.securitylist.oc1.ap-mumbai-1.aaaaaaaaw6326vy4l5ye5zzgljdptktit7wylp5qreeovdcusq6bzhfc4f2a",
            "ingress_security_rules": [
              {
                "description": "Allow HTTP",
                "icmp_options": [],
                "protocol": "6",
                "source": "0.0.0.0/0",
                "source_type": "CIDR_BLOCK",
                "stateless": false,
                "tcp_options": [
                  {
                    "max": 80,
                    "min": 80,
                    "source_port_range": []
                  }
                ],
                "udp_options": []
              },
              {
                "description": "Allow HTTPS",
                "icmp_options": [],
                "protocol": "6",
                "source": "0.0.0.0/0",
                "source_type": "CIDR_BLOCK",
                "stateless": false,
                "tcp_options": [
                  {
                    "max": 443,
                    "min": 443,
                    "source_port_range": []
                  }
                ],
                "udp_options": []
              },
              {
                "description": "Allow SSH (dev only)",
                "icmp_options": [],
                "protocol": "6",
                "source": "0.0.0.0/0",
                "source_type": "CIDR_BLOCK",
                "stateless": false,
                "tcp_options": [
                  {
                    "max": 22,
                    "min": 22,
                    "source_port_range": []
                  }
                ],
                "udp_options": []
              },
              {
                "description": "Allow all Traffic to connect to port 3000",
                "icmp_options": [],
                "protocol": "6",
                "source": "0.0.0.0/0",
                "source_type": "CIDR_BLOCK",
                "stateless": false,
                "tcp_options": [
                  {
                    "max": 3000,
                    "min": 3000,
                    "source_port_range": []
                  }
                ],
                "udp_options": []
              }
            ],
            "state": "AVAILABLE",
            "time_created": "2025-12-08 11:07:12.316 +0000 UTC",
            "timeouts": null,
            "vcn_id": "ocid1.vcn.oc1.ap-mumbai-1.amaaaaaahqssvraabyydm3i2qyzkuj27cgmf5tdeaokl7dbfviawfltzutta"
          },
          "sensitive_attributes": [],
          "identity_schema_version": 0,
          "private": "eyJlMmJmYjczMC1lY2FhLTExZTYtOGY4OC0zNDM2M2JjN2M0YzAiOnsiY3JlYXRlIjoxMjAwMDAwMDAwMDAwLCJkZWxldGUiOjEyMDAwMDAwMDAwMDAsInVwZGF0ZSI6MTIwMDAwMDAwMDAwMH19",
          "dependencies": [
            "oci_core_vcn.bharatmart_vcn"
          ]
        }
      ]
    },
    {
      "mode": "managed",
      "type": "oci_core_subnet",
      "name": "public_subnet",
      "provider": "provider[\"registry.terraform.io/oracle/oci\"]",
      "instances": [
        {
          "schema_version": 0,
          "attributes": {
            "availability_domain": null,
            "cidr_block": "10.0.1.0/24",
            "compartment_id": "ocid1.compartment.oc1..aaaaaaaavzlulwgc4twmrqqfsb5jack4i6cgq3t6yzc2rwhslppf53rrbb5q",
            "defined_tags": {
              "Oracle-Tags.CreatedBy": "default/u02",
              "Oracle-Tags.CreatedOn": "2025-12-08T11:07:13.189Z"
            },
            "dhcp_options_id": "ocid1.dhcpoptions.oc1.ap-mumbai-1.aaaaaaaapfipvrr7vf6vnafjsdh4cadte5b7v2xdgdr6r2t5a6clv6tajeza",
            "display_name": "bharatmart-dev-public-subnet",
            "dns_label": "public",
            "freeform_tags": {
              "Environment": "dev",
              "ManagedBy": "Terraform",
              "Name": "bharatmart-dev",
              "Project": "BharatMart",
              "Team": "SRE"
            },
            "id": "ocid1.subnet.oc1.ap-mumbai-1.aaaaaaaam2mjjdynidmdlaviestxl223sp6kjqizf2l75us2m3bpefqcofmq",
            "ipv6cidr_block": null,
            "ipv6cidr_blocks": [],
            "ipv6virtual_router_ip": null,
            "prohibit_internet_ingress": false,
            "prohibit_public_ip_on_vnic": false,
            "route_table_id": "ocid1.routetable.oc1.ap-mumbai-1.aaaaaaaajf6eraj7ax6r3uybmtrgkllksvedyldpbqwl3dyg53gs6bbh5rea",
            "security_list_ids": [
              "ocid1.securitylist.oc1.ap-mumbai-1.aaaaaaaaw6326vy4l5ye5zzgljdptktit7wylp5qreeovdcusq6bzhfc4f2a"
            ],
            "state": "AVAILABLE",
            "subnet_domain_name": "public.bharatmartdev.oraclevcn.com",
            "time_created": "2025-12-08 11:07:13.233 +0000 UTC",
            "timeouts": null,
            "vcn_id": "ocid1.vcn.oc1.ap-mumbai-1.amaaaaaahqssvraabyydm3i2qyzkuj27cgmf5tdeaokl7dbfviawfltzutta",
            "virtual_router_ip": "10.0.1.1",
            "virtual_router_mac": "00:00:17:18:1E:85"
          },
          "sensitive_attributes": [],
          "identity_schema_version": 0,
          "private": "eyJlMmJmYjczMC1lY2FhLTExZTYtOGY4OC0zNDM2M2JjN2M0YzAiOnsiY3JlYXRlIjoxMjAwMDAwMDAwMDAwLCJkZWxldGUiOjEyMDAwMDAwMDAwMDAsInVwZGF0ZSI6MTIwMDAwMDAwMDAwMH19",
          "dependencies": [
            "oci_core_internet_gateway.bharatmart_igw",
            "oci_core_route_table.public_route_table",
            "oci_core_security_list.public_security_list",
            "oci_core_vcn.bharatmart_vcn"
          ]
        }
      ]
    },
    {
      "mode": "managed",
      "type": "oci_core_vcn",
      "name": "bharatmart_vcn",
      "provider": "provider[\"registry.terraform.io/oracle/oci\"]",
      "instances": [
        {
          "schema_version": 0,
          "attributes": {
            "byoipv6cidr_blocks": [],
            "byoipv6cidr_details": null,
            "cidr_block": "10.0.0.0/16",
            "cidr_blocks": [
              "10.0.0.0/16"
            ],
            "compartment_id": "ocid1.compartment.oc1..aaaaaaaavzlulwgc4twmrqqfsb5jack4i6cgq3t6yzc2rwhslppf53rrbb5q",
            "default_dhcp_options_id": "ocid1.dhcpoptions.oc1.ap-mumbai-1.aaaaaaaapfipvrr7vf6vnafjsdh4cadte5b7v2xdgdr6r2t5a6clv6tajeza",
            "default_route_table_id": "ocid1.routetable.oc1.ap-mumbai-1.aaaaaaaaljt6x3x3msm46k2n2ves5ebtngo5u7plzeqn7vyoju74vxgpo4za",
            "default_security_list_id": "ocid1.securitylist.oc1.ap-mumbai-1.aaaaaaaa2l47mclium442dyivrgnkqpgazebaz4xoeqlruapbolqubkis7oq",
            "defined_tags": {
              "Oracle-Tags.CreatedBy": "default/u02",
              "Oracle-Tags.CreatedOn": "2025-12-08T11:07:11.650Z"
            },
            "display_name": "bharatmart-dev-vcn",
            "dns_label": "bharatmartdev",
            "freeform_tags": {
              "Environment": "dev",
              "ManagedBy": "Terraform",
              "Name": "bharatmart-dev",
              "Project": "BharatMart",
              "Team": "SRE"
            },
            "id": "ocid1.vcn.oc1.ap-mumbai-1.amaaaaaahqssvraabyydm3i2qyzkuj27cgmf5tdeaokl7dbfviawfltzutta",
            "ipv6cidr_blocks": [],
            "ipv6private_cidr_blocks": [],
            "is_ipv6enabled": false,
            "is_oracle_gua_allocation_enabled": null,
            "state": "AVAILABLE",
            "time_created": "2025-12-08 11:07:11.719 +0000 UTC",
            "timeouts": null,
            "vcn_domain_name": "bharatmartdev.oraclevcn.com"
          },
          "sensitive_attributes": [],
          "identity_schema_version": 0,
          "private": "eyJlMmJmYjczMC1lY2FhLTExZTYtOGY4OC0zNDM2M2JjN2M0YzAiOnsiY3JlYXRlIjoxMjAwMDAwMDAwMDAwLCJkZWxldGUiOjEyMDAwMDAwMDAwMDAsInVwZGF0ZSI6MTIwMDAwMDAwMDAwMH19"
        }
      ]
    }
  ],
  "check_results": null
}
